// !$*UTF8*$!
{
	archiveVersion = 1;
	classes = {
	};
	objectVersion = 55;
	objects = {

/* Begin PBXBuildFile section */
		0517E0EA2819D25F00E2379D /* CarouselCollectionViewCell.swift in Sources */ = {isa = PBXBuildFile; fileRef = 0517E0E92819D25F00E2379D /* CarouselCollectionViewCell.swift */; };
		55452DB327FF653500A2B6AA /* AppDelegate.swift in Sources */ = {isa = PBXBuildFile; fileRef = 55452DB227FF653500A2B6AA /* AppDelegate.swift */; };
		55452DB527FF653500A2B6AA /* SceneDelegate.swift in Sources */ = {isa = PBXBuildFile; fileRef = 55452DB427FF653500A2B6AA /* SceneDelegate.swift */; };
		55452DB727FF653500A2B6AA /* ViewController.swift in Sources */ = {isa = PBXBuildFile; fileRef = 55452DB627FF653500A2B6AA /* ViewController.swift */; };
		55452DBA27FF653500A2B6AA /* Main.storyboard in Resources */ = {isa = PBXBuildFile; fileRef = 55452DB827FF653500A2B6AA /* Main.storyboard */; };
		55452DBC27FF653B00A2B6AA /* Assets.xcassets in Resources */ = {isa = PBXBuildFile; fileRef = 55452DBB27FF653B00A2B6AA /* Assets.xcassets */; };
		55452DBF27FF653B00A2B6AA /* LaunchScreen.storyboard in Resources */ = {isa = PBXBuildFile; fileRef = 55452DBD27FF653B00A2B6AA /* LaunchScreen.storyboard */; };
		558865E8280DEE41009759A9 /* Caderno1ViewController.swift in Sources */ = {isa = PBXBuildFile; fileRef = 558865E7280DEE41009759A9 /* Caderno1ViewController.swift */; };
		558865EA280E0544009759A9 /* Caderno2ViewController.swift in Sources */ = {isa = PBXBuildFile; fileRef = 558865E9280E0544009759A9 /* Caderno2ViewController.swift */; };
		558865EC280F2E61009759A9 /* Caderno3ViewController.swift in Sources */ = {isa = PBXBuildFile; fileRef = 558865EB280F2E61009759A9 /* Caderno3ViewController.swift */; };
		6176D4A62819ACDE001086FE /* EntryViewController2.swift in Sources */ = {isa = PBXBuildFile; fileRef = 6176D4A52819ACDE001086FE /* EntryViewController2.swift */; };
		619357C5281B06ED00D5F373 /* EntryViewController1.swift in Sources */ = {isa = PBXBuildFile; fileRef = 619357C4281B06ED00D5F373 /* EntryViewController1.swift */; };
		619357C7281B073C00D5F373 /* NoteViewController1.swift in Sources */ = {isa = PBXBuildFile; fileRef = 619357C6281B073C00D5F373 /* NoteViewController1.swift */; };
		619357CB281B0AA200D5F373 /* EntryViewController3.swift in Sources */ = {isa = PBXBuildFile; fileRef = 619357CA281B0AA200D5F373 /* EntryViewController3.swift */; };
		619357CD281B0ABD00D5F373 /* NoteViewController3.swift in Sources */ = {isa = PBXBuildFile; fileRef = 619357CC281B0ABD00D5F373 /* NoteViewController3.swift */; };
		61D06CD92819BA00008C2B32 /* NoteViewController.swift in Sources */ = {isa = PBXBuildFile; fileRef = 61D06CD82819BA00008C2B32 /* NoteViewController.swift */; };
/* End PBXBuildFile section */

/* Begin PBXFileReference section */
		0517E0E92819D25F00E2379D /* CarouselCollectionViewCell.swift */ = {isa = PBXFileReference; lastKnownFileType = sourcecode.swift; path = CarouselCollectionViewCell.swift; sourceTree = "<group>"; };
		55452DAF27FF653500A2B6AA /* NanoChallenge3.app */ = {isa = PBXFileReference; explicitFileType = wrapper.application; includeInIndex = 0; path = NanoChallenge3.app; sourceTree = BUILT_PRODUCTS_DIR; };
		55452DB227FF653500A2B6AA /* AppDelegate.swift */ = {isa = PBXFileReference; lastKnownFileType = sourcecode.swift; path = AppDelegate.swift; sourceTree = "<group>"; };
		55452DB427FF653500A2B6AA /* SceneDelegate.swift */ = {isa = PBXFileReference; lastKnownFileType = sourcecode.swift; path = SceneDelegate.swift; sourceTree = "<group>"; };
		55452DB627FF653500A2B6AA /* ViewController.swift */ = {isa = PBXFileReference; lastKnownFileType = sourcecode.swift; path = ViewController.swift; sourceTree = "<group>"; };
		55452DB927FF653500A2B6AA /* Base */ = {isa = PBXFileReference; lastKnownFileType = file.storyboard; name = Base; path = Base.lproj/Main.storyboard; sourceTree = "<group>"; };
		55452DBB27FF653B00A2B6AA /* Assets.xcassets */ = {isa = PBXFileReference; lastKnownFileType = folder.assetcatalog; path = Assets.xcassets; sourceTree = "<group>"; };
		55452DBE27FF653B00A2B6AA /* Base */ = {isa = PBXFileReference; lastKnownFileType = file.storyboard; name = Base; path = Base.lproj/LaunchScreen.storyboard; sourceTree = "<group>"; };
		558865E7280DEE41009759A9 /* Caderno1ViewController.swift */ = {isa = PBXFileReference; lastKnownFileType = sourcecode.swift; path = Caderno1ViewController.swift; sourceTree = "<group>"; };
		558865E9280E0544009759A9 /* Caderno2ViewController.swift */ = {isa = PBXFileReference; lastKnownFileType = sourcecode.swift; path = Caderno2ViewController.swift; sourceTree = "<group>"; };
		558865EB280F2E61009759A9 /* Caderno3ViewController.swift */ = {isa = PBXFileReference; lastKnownFileType = sourcecode.swift; path = Caderno3ViewController.swift; sourceTree = "<group>"; };
		6176D4A52819ACDE001086FE /* EntryViewController2.swift */ = {isa = PBXFileReference; lastKnownFileType = sourcecode.swift; path = EntryViewController2.swift; sourceTree = "<group>"; };
		619357C4281B06ED00D5F373 /* EntryViewController1.swift */ = {isa = PBXFileReference; lastKnownFileType = sourcecode.swift; path = EntryViewController1.swift; sourceTree = "<group>"; };
		619357C6281B073C00D5F373 /* NoteViewController1.swift */ = {isa = PBXFileReference; lastKnownFileType = sourcecode.swift; path = NoteViewController1.swift; sourceTree = "<group>"; };
		619357CA281B0AA200D5F373 /* EntryViewController3.swift */ = {isa = PBXFileReference; lastKnownFileType = sourcecode.swift; path = EntryViewController3.swift; sourceTree = "<group>"; };
		619357CC281B0ABD00D5F373 /* NoteViewController3.swift */ = {isa = PBXFileReference; lastKnownFileType = sourcecode.swift; path = NoteViewController3.swift; sourceTree = "<group>"; };
		61D06CD82819BA00008C2B32 /* NoteViewController.swift */ = {isa = PBXFileReference; lastKnownFileType = sourcecode.swift; path = NoteViewController.swift; sourceTree = "<group>"; };
/* End PBXFileReference section */

/* Begin PBXFrameworksBuildPhase section */
		55452DAC27FF653500A2B6AA /* Frameworks */ = {
			isa = PBXFrameworksBuildPhase;
			buildActionMask = 2147483647;
			files = (
			);
			runOnlyForDeploymentPostprocessing = 0;
		};
/* End PBXFrameworksBuildPhase section */

/* Begin PBXGroup section */
		55452DA627FF653500A2B6AA = {
			isa = PBXGroup;
			children = (
				55452DB127FF653500A2B6AA /* NanoChallenge3 */,
				55452DB027FF653500A2B6AA /* Products */,
			);
			sourceTree = "<group>";
		};
		55452DB027FF653500A2B6AA /* Products */ = {
			isa = PBXGroup;
			children = (
				55452DAF27FF653500A2B6AA /* NanoChallenge3.app */,
			);
			name = Products;
			sourceTree = "<group>";
		};
		55452DB127FF653500A2B6AA /* NanoChallenge3 */ = {
			isa = PBXGroup;
			children = (
				55452DB227FF653500A2B6AA /* AppDelegate.swift */,
				55452DB427FF653500A2B6AA /* SceneDelegate.swift */,
				55452DB627FF653500A2B6AA /* ViewController.swift */,
				619357C22819E2B700D5F373 /* Caderno1 */,
				619357C12819E0AC00D5F373 /* Caderno2 */,
				619357C32819E2CA00D5F373 /* Caderno3 */,
				55452DB827FF653500A2B6AA /* Main.storyboard */,
				55452DBB27FF653B00A2B6AA /* Assets.xcassets */,
				55452DBD27FF653B00A2B6AA /* LaunchScreen.storyboard */,
				55452DC027FF653B00A2B6AA /* Info.plist */,
				0517E0E92819D25F00E2379D /* CarouselCollectionViewCell.swift */,
			);
			path = NanoChallenge3;
			sourceTree = "<group>";
		};
		619357C12819E0AC00D5F373 /* Caderno2 */ = {
			isa = PBXGroup;
			children = (
				558865E9280E0544009759A9 /* Caderno2ViewController.swift */,
				6176D4A52819ACDE001086FE /* EntryViewController2.swift */,
				61D06CD82819BA00008C2B32 /* NoteViewController.swift */,
			);
			path = Caderno2;
			sourceTree = "<group>";
		};
		619357C22819E2B700D5F373 /* Caderno1 */ = {
			isa = PBXGroup;
			children = (
				558865E7280DEE41009759A9 /* Caderno1ViewController.swift */,
				619357C4281B06ED00D5F373 /* EntryViewController1.swift */,
				619357C6281B073C00D5F373 /* NoteViewController1.swift */,
			);
			path = Caderno1;
			sourceTree = "<group>";
		};
		619357C32819E2CA00D5F373 /* Caderno3 */ = {
			isa = PBXGroup;
			children = (
				558865EB280F2E61009759A9 /* Caderno3ViewController.swift */,
				619357CA281B0AA200D5F373 /* EntryViewController3.swift */,
				619357CC281B0ABD00D5F373 /* NoteViewController3.swift */,
			);
			path = Caderno3;
			sourceTree = "<group>";
		};
/* End PBXGroup section */

/* Begin PBXNativeTarget section */
		55452DAE27FF653500A2B6AA /* NanoChallenge3 */ = {
			isa = PBXNativeTarget;
			buildConfigurationList = 55452DC327FF653B00A2B6AA /* Build configuration list for PBXNativeTarget "NanoChallenge3" */;
			buildPhases = (
				55452DAB27FF653500A2B6AA /* Sources */,
				55452DAC27FF653500A2B6AA /* Frameworks */,
				55452DAD27FF653500A2B6AA /* Resources */,
			);
			buildRules = (
			);
			dependencies = (
			);
			name = NanoChallenge3;
			productName = NanoChallenge3;
			productReference = 55452DAF27FF653500A2B6AA /* NanoChallenge3.app */;
			productType = "com.apple.product-type.application";
		};
/* End PBXNativeTarget section */

/* Begin PBXProject section */
		55452DA727FF653500A2B6AA /* Project object */ = {
			isa = PBXProject;
			attributes = {
				BuildIndependentTargetsInParallel = 1;
				KnownAssetTags = (
					VOltar,
				);
				LastSwiftUpdateCheck = 1330;
				LastUpgradeCheck = 1330;
				TargetAttributes = {
					55452DAE27FF653500A2B6AA = {
						CreatedOnToolsVersion = 13.3;
					};
				};
			};
			buildConfigurationList = 55452DAA27FF653500A2B6AA /* Build configuration list for PBXProject "NanoChallenge3" */;
			compatibilityVersion = "Xcode 13.0";
			developmentRegion = en;
			hasScannedForEncodings = 0;
			knownRegions = (
				en,
				Base,
			);
			mainGroup = 55452DA627FF653500A2B6AA;
			productRefGroup = 55452DB027FF653500A2B6AA /* Products */;
			projectDirPath = "";
			projectRoot = "";
			targets = (
				55452DAE27FF653500A2B6AA /* NanoChallenge3 */,
			);
		};
/* End PBXProject section */

/* Begin PBXResourcesBuildPhase section */
		55452DAD27FF653500A2B6AA /* Resources */ = {
			isa = PBXResourcesBuildPhase;
			buildActionMask = 2147483647;
			files = (
				55452DBF27FF653B00A2B6AA /* LaunchScreen.storyboard in Resources */,
				55452DBC27FF653B00A2B6AA /* Assets.xcassets in Resources */,
				55452DBA27FF653500A2B6AA /* Main.storyboard in Resources */,
			);
			runOnlyForDeploymentPostprocessing = 0;
		};
/* End PBXResourcesBuildPhase section */

/* Begin PBXSourcesBuildPhase section */
		55452DAB27FF653500A2B6AA /* Sources */ = {
			isa = PBXSourcesBuildPhase;
			buildActionMask = 2147483647;
			files = (
				0517E0EA2819D25F00E2379D /* CarouselCollectionViewCell.swift in Sources */,
				61D06CD92819BA00008C2B32 /* NoteViewController.swift in Sources */,
				55452DB727FF653500A2B6AA /* ViewController.swift in Sources */,
				558865EA280E0544009759A9 /* Caderno2ViewController.swift in Sources */,
				619357C5281B06ED00D5F373 /* EntryViewController1.swift in Sources */,
				619357CD281B0ABD00D5F373 /* NoteViewController3.swift in Sources */,
				619357C7281B073C00D5F373 /* NoteViewController1.swift in Sources */,
				55452DB327FF653500A2B6AA /* AppDelegate.swift in Sources */,
				619357CB281B0AA200D5F373 /* EntryViewController3.swift in Sources */,
				558865EC280F2E61009759A9 /* Caderno3ViewController.swift in Sources */,
				6176D4A62819ACDE001086FE /* EntryViewController2.swift in Sources */,
				55452DB527FF653500A2B6AA /* SceneDelegate.swift in Sources */,
				558865E8280DEE41009759A9 /* Caderno1ViewController.swift in Sources */,
			);
			runOnlyForDeploymentPostprocessing = 0;
		};
/* End PBXSourcesBuildPhase section */

/* Begin PBXVariantGroup section */
		55452DB827FF653500A2B6AA /* Main.storyboard */ = {
			isa = PBXVariantGroup;
			children = (
				55452DB927FF653500A2B6AA /* Base */,
			);
			name = Main.storyboard;
			sourceTree = "<group>";
		};
		55452DBD27FF653B00A2B6AA /* LaunchScreen.storyboard */ = {
			isa = PBXVariantGroup;
			children = (
				55452DBE27FF653B00A2B6AA /* Base */,
			);
			name = LaunchScreen.storyboard;
			sourceTree = "<group>";
		};
/* End PBXVariantGroup section */

/* Begin XCBuildConfiguration section */
		55452DC127FF653B00A2B6AA /* Debug */ = {
			isa = XCBuildConfiguration;
			buildSettings = {
				ALWAYS_SEARCH_USER_PATHS = NO;
				CLANG_ANALYZER_NONNULL = YES;
				CLANG_ANALYZER_NUMBER_OBJECT_CONVERSION = YES_AGGRESSIVE;
				CLANG_CXX_LANGUAGE_STANDARD = "gnu++17";
				CLANG_ENABLE_MODULES = YES;
				CLANG_ENABLE_OBJC_ARC = YES;
				CLANG_ENABLE_OBJC_WEAK = YES;
				CLANG_WARN_BLOCK_CAPTURE_AUTORELEASING = YES;
				CLANG_WARN_BOOL_CONVERSION = YES;
				CLANG_WARN_COMMA = YES;
				CLANG_WARN_CONSTANT_CONVERSION = YES;
				CLANG_WARN_DEPRECATED_OBJC_IMPLEMENTATIONS = YES;
				CLANG_WARN_DIRECT_OBJC_ISA_USAGE = YES_ERROR;
				CLANG_WARN_DOCUMENTATION_COMMENTS = YES;
				CLANG_WARN_EMPTY_BODY = YES;
				CLANG_WARN_ENUM_CONVERSION = YES;
				CLANG_WARN_INFINITE_RECURSION = YES;
				CLANG_WARN_INT_CONVERSION = YES;
				CLANG_WARN_NON_LITERAL_NULL_CONVERSION = YES;
				CLANG_WARN_OBJC_IMPLICIT_RETAIN_SELF = YES;
				CLANG_WARN_OBJC_LITERAL_CONVERSION = YES;
				CLANG_WARN_OBJC_ROOT_CLASS = YES_ERROR;
				CLANG_WARN_QUOTED_INCLUDE_IN_FRAMEWORK_HEADER = YES;
				CLANG_WARN_RANGE_LOOP_ANALYSIS = YES;
				CLANG_WARN_STRICT_PROTOTYPES = YES;
				CLANG_WARN_SUSPICIOUS_MOVE = YES;
				CLANG_WARN_UNGUARDED_AVAILABILITY = YES_AGGRESSIVE;
				CLANG_WARN_UNREACHABLE_CODE = YES;
				CLANG_WARN__DUPLICATE_METHOD_MATCH = YES;
				COPY_PHASE_STRIP = NO;
				DEBUG_INFORMATION_FORMAT = dwarf;
				ENABLE_STRICT_OBJC_MSGSEND = YES;
				ENABLE_TESTABILITY = YES;
				GCC_C_LANGUAGE_STANDARD = gnu11;
				GCC_DYNAMIC_NO_PIC = NO;
				GCC_NO_COMMON_BLOCKS = YES;
				GCC_OPTIMIZATION_LEVEL = 0;
				GCC_PREPROCESSOR_DEFINITIONS = (
					"DEBUG=1",
					"$(inherited)",
				);
				GCC_WARN_64_TO_32_BIT_CONVERSION = YES;
				GCC_WARN_ABOUT_RETURN_TYPE = YES_ERROR;
				GCC_WARN_UNDECLARED_SELECTOR = YES;
				GCC_WARN_UNINITIALIZED_AUTOS = YES_AGGRESSIVE;
				GCC_WARN_UNUSED_FUNCTION = YES;
				GCC_WARN_UNUSED_VARIABLE = YES;
				IPHONEOS_DEPLOYMENT_TARGET = 15.4;
				MTL_ENABLE_DEBUG_INFO = INCLUDE_SOURCE;
				MTL_FAST_MATH = YES;
				ONLY_ACTIVE_ARCH = YES;
				SDKROOT = iphoneos;
				SWIFT_ACTIVE_COMPILATION_CONDITIONS = DEBUG;
				SWIFT_OPTIMIZATION_LEVEL = "-Onone";
			};
			name = Debug;
		};
		55452DC227FF653B00A2B6AA /* Release */ = {
			isa = XCBuildConfiguration;
			buildSettings = {
				ALWAYS_SEARCH_USER_PATHS = NO;
				CLANG_ANALYZER_NONNULL = YES;
				CLANG_ANALYZER_NUMBER_OBJECT_CONVERSION = YES_AGGRESSIVE;
				CLANG_CXX_LANGUAGE_STANDARD = "gnu++17";
				CLANG_ENABLE_MODULES = YES;
				CLANG_ENABLE_OBJC_ARC = YES;
				CLANG_ENABLE_OBJC_WEAK = YES;
				CLANG_WARN_BLOCK_CAPTURE_AUTORELEASING = YES;
				CLANG_WARN_BOOL_CONVERSION = YES;
				CLANG_WARN_COMMA = YES;
				CLANG_WARN_CONSTANT_CONVERSION = YES;
				CLANG_WARN_DEPRECATED_OBJC_IMPLEMENTATIONS = YES;
				CLANG_WARN_DIRECT_OBJC_ISA_USAGE = YES_ERROR;
				CLANG_WARN_DOCUMENTATION_COMMENTS = YES;
				CLANG_WARN_EMPTY_BODY = YES;
				CLANG_WARN_ENUM_CONVERSION = YES;
				CLANG_WARN_INFINITE_RECURSION = YES;
				CLANG_WARN_INT_CONVERSION = YES;
				CLANG_WARN_NON_LITERAL_NULL_CONVERSION = YES;
				CLANG_WARN_OBJC_IMPLICIT_RETAIN_SELF = YES;
				CLANG_WARN_OBJC_LITERAL_CONVERSION = YES;
				CLANG_WARN_OBJC_ROOT_CLASS = YES_ERROR;
				CLANG_WARN_QUOTED_INCLUDE_IN_FRAMEWORK_HEADER = YES;
				CLANG_WARN_RANGE_LOOP_ANALYSIS = YES;
				CLANG_WARN_STRICT_PROTOTYPES = YES;
				CLANG_WARN_SUSPICIOUS_MOVE = YES;
				CLANG_WARN_UNGUARDED_AVAILABILITY = YES_AGGRESSIVE;
				CLANG_WARN_UNREACHABLE_CODE = YES;
				CLANG_WARN__DUPLICATE_METHOD_MATCH = YES;
				COPY_PHASE_STRIP = NO;
				DEBUG_INFORMATION_FORMAT = "dwarf-with-dsym";
				ENABLE_NS_ASSERTIONS = NO;
				ENABLE_STRICT_OBJC_MSGSEND = YES;
				GCC_C_LANGUAGE_STANDARD = gnu11;
				GCC_NO_COMMON_BLOCKS = YES;
				GCC_WARN_64_TO_32_BIT_CONVERSION = YES;
				GCC_WARN_ABOUT_RETURN_TYPE = YES_ERROR;
				GCC_WARN_UNDECLARED_SELECTOR = YES;
				GCC_WARN_UNINITIALIZED_AUTOS = YES_AGGRESSIVE;
				GCC_WARN_UNUSED_FUNCTION = YES;
				GCC_WARN_UNUSED_VARIABLE = YES;
				IPHONEOS_DEPLOYMENT_TARGET = 15.4;
				MTL_ENABLE_DEBUG_INFO = NO;
				MTL_FAST_MATH = YES;
				SDKROOT = iphoneos;
				SWIFT_COMPILATION_MODE = wholemodule;
				SWIFT_OPTIMIZATION_LEVEL = "-O";
				VALIDATE_PRODUCT = YES;
			};
			name = Release;
		};
		55452DC427FF653B00A2B6AA /* Debug */ = {
			isa = XCBuildConfiguration;
			buildSettings = {
				ASSETCATALOG_COMPILER_APPICON_NAME = AppIcon;
				ASSETCATALOG_COMPILER_GLOBAL_ACCENT_COLOR_NAME = AccentColor;
				CODE_SIGN_STYLE = Automatic;
				CURRENT_PROJECT_VERSION = 1;
				GENERATE_INFOPLIST_FILE = YES;
				INFOPLIST_FILE = NanoChallenge3/Info.plist;
				INFOPLIST_KEY_UIApplicationSupportsIndirectInputEvents = YES;
				INFOPLIST_KEY_UILaunchStoryboardName = LaunchScreen;
				INFOPLIST_KEY_UIMainStoryboardFile = Main;
				INFOPLIST_KEY_UISupportedInterfaceOrientations_iPad = "UIInterfaceOrientationPortrait UIInterfaceOrientationPortraitUpsideDown UIInterfaceOrientationLandscapeLeft UIInterfaceOrientationLandscapeRight";
				INFOPLIST_KEY_UISupportedInterfaceOrientations_iPhone = "UIInterfaceOrientationPortrait UIInterfaceOrientationLandscapeLeft UIInterfaceOrientationLandscapeRight";
				LD_RUNPATH_SEARCH_PATHS = (
					"$(inherited)",
					"@executable_path/Frameworks",
				);
				MARKETING_VERSION = 1.0;
				PRODUCT_BUNDLE_IDENTIFIER = nano3.NanoChallenge3;
				PRODUCT_NAME = "$(TARGET_NAME)";
				SWIFT_EMIT_LOC_STRINGS = YES;
				SWIFT_VERSION = 5.0;
				TARGETED_DEVICE_FAMILY = "1,2";
			};
			name = Debug;
		};
		55452DC527FF653B00A2B6AA /* Release */ = {
			isa = XCBuildConfiguration;
			buildSettings = {
				ASSETCATALOG_COMPILER_APPICON_NAME = AppIcon;
				ASSETCATALOG_COMPILER_GLOBAL_ACCENT_COLOR_NAME = AccentColor;
				CODE_SIGN_STYLE = Automatic;
				CURRENT_PROJECT_VERSION = 1;
				GENERATE_INFOPLIST_FILE = YES;
				INFOPLIST_FILE = NanoChallenge3/Info.plist;
				INFOPLIST_KEY_UIApplicationSupportsIndirectInputEvents = YES;
				INFOPLIST_KEY_UILaunchStoryboardName = LaunchScreen;
				INFOPLIST_KEY_UIMainStoryboardFile = Main;
				INFOPLIST_KEY_UISupportedInterfaceOrientations_iPad = "UIInterfaceOrientationPortrait UIInterfaceOrientationPortraitUpsideDown UIInterfaceOrientationLandscapeLeft UIInterfaceOrientationLandscapeRight";
				INFOPLIST_KEY_UISupportedInterfaceOrientations_iPhone = "UIInterfaceOrientationPortrait UIInterfaceOrientationLandscapeLeft UIInterfaceOrientationLandscapeRight";
				LD_RUNPATH_SEARCH_PATHS = (
					"$(inherited)",
					"@executable_path/Frameworks",
				);
				MARKETING_VERSION = 1.0;
				PRODUCT_BUNDLE_IDENTIFIER = nano3.NanoChallenge3;
				PRODUCT_NAME = "$(TARGET_NAME)";
				SWIFT_EMIT_LOC_STRINGS = YES;
				SWIFT_VERSION = 5.0;
				TARGETED_DEVICE_FAMILY = "1,2";
			};
			name = Release;
		};
/* End XCBuildConfiguration section */

/* Begin XCConfigurationList section */
		55452DAA27FF653500A2B6AA /* Build configuration list for PBXProject "NanoChallenge3" */ = {
			isa = XCConfigurationList;
			buildConfigurations = (
				55452DC127FF653B00A2B6AA /* Debug */,
				55452DC227FF653B00A2B6AA /* Release */,
			);
			defaultConfigurationIsVisible = 0;
			defaultConfigurationName = Release;
		};
		55452DC327FF653B00A2B6AA /* Build configuration list for PBXNativeTarget "NanoChallenge3" */ = {
			isa = XCConfigurationList;
			buildConfigurations = (
				55452DC427FF653B00A2B6AA /* Debug */,
				55452DC527FF653B00A2B6AA /* Release */,
			);
			defaultConfigurationIsVisible = 0;
			defaultConfigurationName = Release;
		};
/* End XCConfigurationList section */
	};
	rootObject = 55452DA727FF653500A2B6AA /* Project object */;
}
